
Microsoft Visual Studio Solution File, Format Version 12.00
# Visual Studio Version 17
VisualStudioVersion = 17.14.36414.22 d17.14
MinimumVisualStudioVersion = 10.0.40219.1
Project("{FAE04EC0-301F-11D3-BF4B-00C04F79EFBC}") = "PasswordGen", "PasswordGen\PasswordGen.csproj", "{CA1F7E4F-E9DB-4726-BA1E-F7646D20251A}"
EndProject
Project("{930C7802-8A8C-48F9-8165-68863BCCD9DD}") = "PasswordGeneratorApp", "PasswordGeneratorApp\PasswordGeneratorApp.wixproj", "{F88C273F-6C71-402E-B2FC-CC2A662BECF5}"
EndProject
Global
	GlobalSection(SolutionConfigurationPlatforms) = preSolution
		Debug|Any CPU = Debug|Any CPU
		Debug|x86 = Debug|x86
		Release|Any CPU = Release|Any CPU
		Release|x86 = Release|x86
	EndGlobalSection
	GlobalSection(ProjectConfigurationPlatforms) = postSolution
		{CA1F7E4F-E9DB-4726-BA1E-F7646D20251A}.Debug|Any CPU.ActiveCfg = Debug|Any CPU
		{CA1F7E4F-E9DB-4726-BA1E-F7646D20251A}.Debug|Any CPU.Build.0 = Debug|Any CPU
		{CA1F7E4F-E9DB-4726-BA1E-F7646D20251A}.Debug|x86.ActiveCfg = Debug|Any CPU
		{CA1F7E4F-E9DB-4726-BA1E-F7646D20251A}.Debug|x86.Build.0 = Debug|Any CPU
		{CA1F7E4F-E9DB-4726-BA1E-F7646D20251A}.Release|Any CPU.ActiveCfg = Release|Any CPU
		{CA1F7E4F-E9DB-4726-BA1E-F7646D20251A}.Release|Any CPU.Build.0 = Release|Any CPU
		{CA1F7E4F-E9DB-4726-BA1E-F7646D20251A}.Release|x86.ActiveCfg = Release|Any CPU
		{CA1F7E4F-E9DB-4726-BA1E-F7646D20251A}.Release|x86.Build.0 = Release|Any CPU
		{F88C273F-6C71-402E-B2FC-CC2A662BECF5}.Debug|Any CPU.ActiveCfg = Debug|x86
		{F88C273F-6C71-402E-B2FC-CC2A662BECF5}.Debug|Any CPU.Build.0 = Debug|x86
		{F88C273F-6C71-402E-B2FC-CC2A662BECF5}.Debug|x86.ActiveCfg = Debug|x86
		{F88C273F-6C71-402E-B2FC-CC2A662BECF5}.Debug|x86.Build.0 = Debug|x86
		{F88C273F-6C71-402E-B2FC-CC2A662BECF5}.Release|Any CPU.ActiveCfg = Release|x86
		{F88C273F-6C71-402E-B2FC-CC2A662BECF5}.Release|Any CPU.Build.0 = Release|x86
		{F88C273F-6C71-402E-B2FC-CC2A662BECF5}.Release|x86.ActiveCfg = Release|x86
		{F88C273F-6C71-402E-B2FC-CC2A662BECF5}.Release|x86.Build.0 = Release|x86
	EndGlobalSection
	GlobalSection(SolutionProperties) = preSolution
		HideSolutionNode = FALSE
	EndGlobalSection
	GlobalSection(ExtensibilityGlobals) = postSolution
		SolutionGuid = {6044D53B-9FC4-4797-B1AE-72C5C65D3216}
	EndGlobalSection
EndGlobal
